
Microsoft Visual Studio Solution File, Format Version 12.00
# Visual Studio Version 16
VisualStudioVersion = 16.0.32413.511
MinimumVisualStudioVersion = 10.0.40219.1
Project("{FAE04EC0-301F-11D3-BF4B-00C04F79EFBC}") = "application-hook-ctrl-up-down", "application-hook-ctrl-up-down\application-hook-ctrl-up-down.csproj", "{62AD584B-71F4-4333-AD31-DCD1CA565E10}"
EndProject
Global
	GlobalSection(SolutionConfigurationPlatforms) = preSolution
		Debug|Any CPU = Debug|Any CPU
		Release|Any CPU = Release|Any CPU
	EndGlobalSection
	GlobalSection(ProjectConfigurationPlatforms) = postSolution
		{62AD584B-71F4-4333-AD31-DCD1CA565E10}.Debug|Any CPU.ActiveCfg = Debug|Any CPU
		{62AD584B-71F4-4333-AD31-DCD1CA565E10}.Debug|Any CPU.Build.0 = Debug|Any CPU
		{62AD584B-71F4-4333-AD31-DCD1CA565E10}.Release|Any CPU.ActiveCfg = Release|Any CPU
		{62AD584B-71F4-4333-AD31-DCD1CA565E10}.Release|Any CPU.Build.0 = Release|Any CPU
	EndGlobalSection
	GlobalSection(SolutionProperties) = preSolution
		HideSolutionNode = FALSE
	EndGlobalSection
	GlobalSection(ExtensibilityGlobals) = postSolution
		SolutionGuid = {1063384A-E8D3-41A8-8450-833F4E7C1A2D}
	EndGlobalSection
EndGlobal
